<?xml version="1.0" encoding="utf-8"?>
<Project ToolsVersion="4.0" xmlns="http://schemas.microsoft.com/developer/msbuild/2003">
  <ItemGroup>
    <Filter Include="Resource Files">
      <UniqueIdentifier>{D9D6E242-F8AF-46E4-B9FD-80ECBC20BA3E}</UniqueIdentifier>
      <Extensions>qrc;*</Extensions>
      <ParseFiles>false</ParseFiles>
    </Filter>
    <Filter Include="src">
      <UniqueIdentifier>{4FC737F1-C7A5-4376-A066-2A32D752A2FF}</UniqueIdentifier>
      <Extensions>cpp;c;cc;cxx;def;odl;idl;hpj;bat;asm;asmx</Extensions>
    </Filter>
    <Filter Include="git">
      <UniqueIdentifier>{3d895389-9e9e-4d7f-94a1-b380ad215f9d}</UniqueIdentifier>
    </Filter>
    <Filter Include="src\iplanner">
      <UniqueIdentifier>{05beeb0e-4df5-4bcd-9c9e-b355a18ec293}</UniqueIdentifier>
    </Filter>
    <Filter Include="src\iplanner\window">
      <UniqueIdentifier>{69703273-70f8-48e3-af2b-95b179f63c67}</UniqueIdentifier>
    </Filter>
    <Filter Include="src\shader">
      <UniqueIdentifier>{748e832f-7d77-49b9-9077-4dd9c444d27b}</UniqueIdentifier>
    </Filter>
    <Filter Include="src\iplanner\gl">
      <UniqueIdentifier>{29fcb826-a147-42bc-8b5a-b424590a6612}</UniqueIdentifier>
    </Filter>
    <Filter Include="lib">
      <UniqueIdentifier>{4fe18605-c536-471f-94d0-172e96e37170}</UniqueIdentifier>
    </Filter>
    <Filter Include="lib\glad">
      <UniqueIdentifier>{54f77ee9-b636-4d9a-9834-5a58778c4a9d}</UniqueIdentifier>
    </Filter>
    <Filter Include="src\iplanner\data">
      <UniqueIdentifier>{535dbf62-277c-42bb-87dd-b87c4237f5b3}</UniqueIdentifier>
    </Filter>
    <Filter Include="src\iplanner\utils">
      <UniqueIdentifier>{68407142-bb2a-4583-befb-94c53c1e1f75}</UniqueIdentifier>
    </Filter>
    <Filter Include="src\iplanner\widget">
      <UniqueIdentifier>{541e0c40-b658-496c-b63b-91ff503ad561}</UniqueIdentifier>
    </Filter>
  </ItemGroup>
  <ItemGroup>
    <ClCompile Include="..\..\src\iplanner\window\qt_wrapper.cc">
      <Filter>src\iplanner\window</Filter>
    </ClCompile>
    <ClCompile Include="..\..\src\iplanner\main.cc">
      <Filter>src\iplanner</Filter>
    </ClCompile>
    <ClCompile Include="..\..\src\iplanner\gl\buffer.cc">
      <Filter>src\iplanner\gl</Filter>
    </ClCompile>
    <ClCompile Include="..\..\src\iplanner\gl\vertex_array.cc">
      <Filter>src\iplanner\gl</Filter>
    </ClCompile>
    <ClCompile Include="..\..\lib\glad\glad.c">
      <Filter>lib\glad</Filter>
    </ClCompile>
    <ClCompile Include="..\..\src\iplanner\data\mesh.cc">
      <Filter>src\iplanner\data</Filter>
    </ClCompile>
    <ClCompile Include="..\..\src\iplanner\data\texture.cc">
      <Filter>src\iplanner\data</Filter>
    </ClCompile>
    <ClCompile Include="..\..\src\iplanner\utils\async_loader.cc">
      <Filter>src\iplanner\utils</Filter>
    </ClCompile>
    <ClCompile Include="..\..\src\iplanner\data\camera.cc">
      <Filter>src\iplanner\data</Filter>
    </ClCompile>
    <ClCompile Include="..\..\src\iplanner\window\engine.cc">
      <Filter>src\iplanner\window</Filter>
    </ClCompile>
    <ClCompile Include="..\..\src\iplanner\window\renderer.cc">
      <Filter>src\iplanner\window</Filter>
    </ClCompile>
    <ClCompile Include="..\..\src\iplanner\widget\engine_widget.cc">
      <Filter>src\iplanner\widget</Filter>
    </ClCompile>
    <ClCompile Include="..\..\src\iplanner\gl\program.cc">
      <Filter>src\iplanner\gl</Filter>
    </ClCompile>
    <ClCompile Include="..\..\src\iplanner\gl\shader.cc">
      <Filter>src\iplanner\gl</Filter>
    </ClCompile>
  </ItemGroup>
  <ItemGroup>
    <QtMoc Include="..\..\src\iplanner\window\qt_wrapper.h">
      <Filter>src\iplanner\window</Filter>
    </QtMoc>
    <QtMoc Include="..\..\src\iplanner\window\renderer.h">
      <Filter>src\iplanner\window</Filter>
    </QtMoc>
    <QtMoc Include="..\..\src\iplanner\widget\engine_widget.h">
      <Filter>src\iplanner\widget</Filter>
    </QtMoc>
    <QtMoc Include="..\..\src\iplanner\window\engine.h">
      <Filter>src\iplanner\window</Filter>
    </QtMoc>
  </ItemGroup>
  <ItemGroup>
    <None Include="..\..\.gitignore">
      <Filter>git</Filter>
    </None>
    <None Include="..\..\README.md">
      <Filter>git</Filter>
    </None>
    <None Include="..\..\src\shader\test.frag">
      <Filter>src\shader</Filter>
    </None>
    <None Include="..\..\src\shader\test.vert">
      <Filter>src\shader</Filter>
    </None>
    <None Include="..\..\src\shader\color_3d.frag">
      <Filter>src\shader</Filter>
    </None>
    <None Include="..\..\src\shader\color_3d.vert">
      <Filter>src\shader</Filter>
    </None>
  </ItemGroup>
  <ItemGroup>
    <ClInclude Include="..\..\src\iplanner\gl\buffer.h">
      <Filter>src\iplanner\gl</Filter>
    </ClInclude>
    <ClInclude Include="..\..\src\iplanner\gl\vertex_array.h">
      <Filter>src\iplanner\gl</Filter>
    </ClInclude>
    <ClInclude Include="..\..\lib\glad\glad.h">
      <Filter>lib\glad</Filter>
    </ClInclude>
    <ClInclude Include="..\..\src\iplanner\data\mesh.h">
      <Filter>src\iplanner\data</Filter>
    </ClInclude>
    <ClInclude Include="..\..\src\iplanner\data\texture.h">
      <Filter>src\iplanner\data</Filter>
    </ClInclude>
    <ClInclude Include="..\..\src\iplanner\utils\async_loader.h">
      <Filter>src\iplanner\utils</Filter>
    </ClInclude>
    <ClInclude Include="..\..\src\iplanner\gl\gl_texture.h">
      <Filter>src\iplanner\gl</Filter>
    </ClInclude>
    <ClInclude Include="..\..\src\iplanner\types.h">
      <Filter>src\iplanner</Filter>
    </ClInclude>
    <ClInclude Include="..\..\src\iplanner\data\camera.h">
      <Filter>src\iplanner\data</Filter>
    </ClInclude>
    <ClInclude Include="..\..\src\iplanner\data\light.h">
      <Filter>src\iplanner\data</Filter>
    </ClInclude>
    <ClInclude Include="..\..\src\iplanner\gl\program.h">
      <Filter>src\iplanner\gl</Filter>
    </ClInclude>
    <ClInclude Include="..\..\src\iplanner\gl\shader.h">
      <Filter>src\iplanner\gl</Filter>
    </ClInclude>
  </ItemGroup>
</Project>